
Microsoft Visual Studio Solution File, Format Version 12.00
# Visual Studio Version 17
VisualStudioVersion = 17.14.37012.4 d17.14
MinimumVisualStudioVersion = 10.0.40219.1
Project("{FAE04EC0-301F-11D3-BF4B-00C04F79EFBC}") = "EComAPI", "EComAPI.csproj", "{EEB4B652-D045-48C6-B4CA-7ECA14761D48}"
EndProject
Global
	GlobalSection(SolutionConfigurationPlatforms) = preSolution
		Debug|Any CPU = Debug|Any CPU
		Release|Any CPU = Release|Any CPU
	EndGlobalSection
	GlobalSection(ProjectConfigurationPlatforms) = postSolution
		{EEB4B652-D045-48C6-B4CA-7ECA14761D48}.Debug|Any CPU.ActiveCfg = Debug|Any CPU
		{EEB4B652-D045-48C6-B4CA-7ECA14761D48}.Debug|Any CPU.Build.0 = Debug|Any CPU
		{EEB4B652-D045-48C6-B4CA-7ECA14761D48}.Release|Any CPU.ActiveCfg = Release|Any CPU
		{EEB4B652-D045-48C6-B4CA-7ECA14761D48}.Release|Any CPU.Build.0 = Release|Any CPU
	EndGlobalSection
	GlobalSection(SolutionProperties) = preSolution
		HideSolutionNode = FALSE
	EndGlobalSection
	GlobalSection(ExtensibilityGlobals) = postSolution
		SolutionGuid = {B0251C56-2070-484E-AA21-A513E658B4B0}
	EndGlobalSection
EndGlobal
